PODS:
  - ReactiveObjC (3.1.0)

DEPENDENCIES:
  - ReactiveObjC (~> 3.1.0)

SPEC REPOS:
  https://github.com/CocoaPods/Specs.git:
    - ReactiveObjC

SPEC CHECKSUMS:
  ReactiveObjC: 2a38ea15335de4119d8b17caf1db1484f61db902

PODFILE CHECKSUM: c7a82bc0d531aea88831056e88b3c20bdeace58a

COCOAPODS: 1.5.0
